Microsoft Visual Studio Solution File, Format Version 12.00
# Visual Studio Version 17
VisualStudioVersion = 17.5.2.0
MinimumVisualStudioVersion = 10.0.40219.1
Project("{FAE04EC0-301F-11D3-BF4B-00C04F79EFBC}") = "SchaleIzakaya", "SchaleIzakaya.csproj", "{8A1B2C3D-4D5E-1F3D-86C3-3E88C37707CB}"
EndProject
Global
	GlobalSection(SolutionConfigurationPlatforms) = preSolution
		Debug|Any CPU = Debug|Any CPU
		Release|Any CPU = Release|Any CPU
	EndGlobalSection
	GlobalSection(ProjectConfigurationPlatforms) = postSolution
		{8A1B2C3D-4D5E-1F3D-86C3-3E88C37707CB}.Debug|Any CPU.ActiveCfg = Debug|Any CPU
		{8A1B2C3D-4D5E-1F3D-86C3-3E88C37707CB}.Debug|Any CPU.Build.0 = Debug|Any CPU
		{8A1B2C3D-4D5E-1F3D-86C3-3E88C37707CB}.Release|Any CPU.ActiveCfg = Release|Any CPU
		{8A1B2C3D-4D5E-1F3D-86C3-3E88C37707CB}.Release|Any CPU.Build.0 = Release|Any CPU
	EndGlobalSection
	GlobalSection(SolutionProperties) = preSolution
		HideSolutionNode = FALSE
	EndGlobalSection
	GlobalSection(ExtensibilityGlobals) = postSolution
		SolutionGuid = {AE951181-4F4E-4278-ACDF-9AF443597935}
	EndGlobalSection
EndGlobal
